{
  "name": "@loongphy/codex-auth",
  "version": "0.3.0-alpha.5",
  "lockfileVersion": 3,
  "requires": true,
  "packages": {
    "": {
      "name": "@loongphy/codex-auth",
      "version": "0.3.0-alpha.5",
      "license": "MIT",
      "dependencies": {
        "@loongphy/codex-auth": "^0.2.8",
        "@loongphy/codex-auth-darwin-arm64": "^0.2.8"
      },
      "bin": {
        "codex-auth": "bin/codex-auth.js"
      },
      "engines": {
        "node": ">=22"
      },
      "optionalDependencies": {
        "@loongphy/codex-auth-darwin-arm64": "^0.2.8",
        "@loongphy/codex-auth-darwin-x64": "0.3.0-alpha.5",
        "@loongphy/codex-auth-linux-arm64": "0.3.0-alpha.5",
        "@loongphy/codex-auth-linux-x64": "0.3.0-alpha.5",
        "@loongphy/codex-auth-win32-arm64": "0.3.0-alpha.5",
        "@loongphy/codex-auth-win32-x64": "0.3.0-alpha.5"
      }
    },
    "node_modules/@loongphy/codex-auth": {
      "version": "0.2.8",
      "resolved": "https://registry.npmmirror.com/@loongphy/codex-auth/-/codex-auth-0.2.8.tgz",
      "integrity": "sha512-FqDUT1hJ86tEiaq8CrB9pR7/yGKPc6RqGkK2h2Q0v1fcXmgyGKLBS+D97PRUY6HgjjyI1O+t0DBx6IHYEpNcQA==",
      "license": "MIT",
      "bin": {
        "codex-auth": "bin/codex-auth.js"
      },
      "engines": {
        "node": ">=22"
      },
      "optionalDependencies": {
        "@loongphy/codex-auth-darwin-arm64": "0.2.8",
        "@loongphy/codex-auth-darwin-x64": "0.2.8",
        "@loongphy/codex-auth-linux-arm64": "0.2.8",
        "@loongphy/codex-auth-linux-x64": "0.2.8",
        "@loongphy/codex-auth-win32-arm64": "0.2.8",
        "@loongphy/codex-auth-win32-x64": "0.2.8"
      }
    },
    "node_modules/@loongphy/codex-auth-darwin-arm64": {
      "version": "0.2.8",
      "resolved": "https://registry.npmmirror.com/@loongphy/codex-auth-darwin-arm64/-/codex-auth-darwin-arm64-0.2.8.tgz",
      "integrity": "sha512-x2AakADc9A8lgE9AdbFF39FtKaSQ3Kgcr/t9Ocrvj4oQgZcL9QJCHGQHot9/Zp6YHndw8sV+18pOYSKyT9CKmQ==",
      "cpu": [
        "arm64"
      ],
      "license": "MIT",
      "optional": true,
      "os": [
        "darwin"
      ]
    },
    "node_modules/@loongphy/codex-auth-darwin-x64": {
      "version": "0.3.0-alpha.5",
      "resolved": "https://registry.npmmirror.com/@loongphy/codex-auth-darwin-x64/-/codex-auth-darwin-x64-0.3.0-alpha.5.tgz",
      "integrity": "sha512-8ci5XqBP3F9PuVqshsrtFmq7g6D/ZzTFe9PxEGTf3VaaMncRyNXBJxoe36R5prVLYYDik/rT+YSf3XIjAYHahg==",
      "cpu": [
        "x64"
      ],
      "license": "MIT",
      "optional": true,
      "os": [
        "darwin"
      ]
    },
    "node_modules/@loongphy/codex-auth-linux-arm64": {
      "version": "0.3.0-alpha.5",
      "resolved": "https://registry.npmmirror.com/@loongphy/codex-auth-linux-arm64/-/codex-auth-linux-arm64-0.3.0-alpha.5.tgz",
      "integrity": "sha512-QqhM+zVhjs138kWyLBVB1gmnquG1uoav88DbuugtxMWMOO7KZ5SayDt2+eLxzPt4bnPlSfpiABtNpr5xtchtFQ==",
      "cpu": [
        "arm64"
      ],
      "license": "MIT",
      "optional": true,
      "os": [
        "linux"
      ]
    },
    "node_modules/@loongphy/codex-auth-linux-x64": {
      "version": "0.3.0-alpha.5",
      "resolved": "https://registry.npmmirror.com/@loongphy/codex-auth-linux-x64/-/codex-auth-linux-x64-0.3.0-alpha.5.tgz",
      "integrity": "sha512-pIFz3/AR9YROdJePI8P1m97SUM98pEmWksrmp0HI2My1R8L0ZJanH4mOIOuJFOssiw9jK/hw86uG/TnnRpj9xg==",
      "cpu": [
        "x64"
      ],
      "license": "MIT",
      "optional": true,
      "os": [
        "linux"
      ]
    },
    "node_modules/@loongphy/codex-auth-win32-arm64": {
      "version": "0.3.0-alpha.5",
      "resolved": "https://registry.npmmirror.com/@loongphy/codex-auth-win32-arm64/-/codex-auth-win32-arm64-0.3.0-alpha.5.tgz",
      "integrity": "sha512-f5p5np34HEsBLuKkFo1Cg69Hf2WCHIEYA0KnGTf04szIJP9VqMKhpwxT0byFD4nWS6EgbMiK8qC5lySzVSLsPA==",
      "cpu": [
        "arm64"
      ],
      "license": "MIT",
      "optional": true,
      "os": [
        "win32"
      ]
    },
    "node_modules/@loongphy/codex-auth-win32-x64": {
      "version": "0.3.0-alpha.5",
      "resolved": "https://registry.npmmirror.com/@loongphy/codex-auth-win32-x64/-/codex-auth-win32-x64-0.3.0-alpha.5.tgz",
      "integrity": "sha512-MYB/p6Rc2AiPly9rzcMLpmMo5/v58EblMnWDE6rvknUlYkfM4pPCY36ednq0aY6k61C8Vs1Vbb1ygp6paS0/Bw==",
      "cpu": [
        "x64"
      ],
      "license": "MIT",
      "optional": true,
      "os": [
        "win32"
      ]
    },
    "node_modules/@loongphy/codex-auth/node_modules/@loongphy/codex-auth-darwin-x64": {
      "version": "0.2.8",
      "resolved": "https://registry.npmmirror.com/@loongphy/codex-auth-darwin-x64/-/codex-auth-darwin-x64-0.2.8.tgz",
      "integrity": "sha512-opbwFNN002+O43Ph3286Nurxnj9TPQJDGxY/vrSU4iA3BPGJ6pCRd++zEoIXPX6N76GDBT/xvbKdkFCUY6gRxQ==",
      "cpu": [
        "x64"
      ],
      "license": "MIT",
      "optional": true,
      "os": [
        "darwin"
      ]
    },
    "node_modules/@loongphy/codex-auth/node_modules/@loongphy/codex-auth-linux-arm64": {
      "version": "0.2.8",
      "resolved": "https://registry.npmmirror.com/@loongphy/codex-auth-linux-arm64/-/codex-auth-linux-arm64-0.2.8.tgz",
      "integrity": "sha512-+3z0sbxulcG1J47gPWhIXWeITwDUM3Nn3spjfBcefhT3IoslViO4/e7KDeZUF9xiYpp0qvZ2zH9RC2IlNAc2rA==",
      "cpu": [
        "arm64"
      ],
      "license": "MIT",
      "optional": true,
      "os": [
        "linux"
      ]
    },
    "node_modules/@loongphy/codex-auth/node_modules/@loongphy/codex-auth-linux-x64": {
      "version": "0.2.8",
      "resolved": "https://registry.npmmirror.com/@loongphy/codex-auth-linux-x64/-/codex-auth-linux-x64-0.2.8.tgz",
      "integrity": "sha512-cN6EqVqQ7u3Ucqvyg/N2U+Y0Y1jfuLDqj9J8oCT3LuYQuWcYsQA4HvGpinEsPbCqDB8xE1PYFlChc9D5Yb1flA==",
      "cpu": [
        "x64"
      ],
      "license": "MIT",
      "optional": true,
      "os": [
        "linux"
      ]
    },
    "node_modules/@loongphy/codex-auth/node_modules/@loongphy/codex-auth-win32-arm64": {
      "version": "0.2.8",
      "resolved": "https://registry.npmmirror.com/@loongphy/codex-auth-win32-arm64/-/codex-auth-win32-arm64-0.2.8.tgz",
      "integrity": "sha512-K/masohtkY6M+7MILa5GXls0PQc3onRKeYvIhPMaiCfO2A8FkS0/aJ0xvPSfA+b1H+Fs+YSodpumeDkThdaKQw==",
      "cpu": [
        "arm64"
      ],
      "license": "MIT",
      "optional": true,
      "os": [
        "win32"
      ]
    },
    "node_modules/@loongphy/codex-auth/node_modules/@loongphy/codex-auth-win32-x64": {
      "version": "0.2.8",
      "resolved": "https://registry.npmmirror.com/@loongphy/codex-auth-win32-x64/-/codex-auth-win32-x64-0.2.8.tgz",
      "integrity": "sha512-ZkSY3U7Id2xhrOCzkcjGQDOSdhMMXHeduA9i2SlwL9pePw6YnNEi21Maa1D5f6KChQz5KcBVTkwZq0+AyNe0aQ==",
      "cpu": [
        "x64"
      ],
      "license": "MIT",
      "optional": true,
      "os": [
        "win32"
      ]
    }
  }
}
